
Microsoft Visual Studio Solution File, Format Version 12.00
# Visual Studio Version 17
VisualStudioVersion = 17.0.31903.59
MinimumVisualStudioVersion = 10.0.40219.1
Project("{2150E333-8FDC-42A3-9474-1A3956D46DE8}") = "src", "src", "{827E0CD3-B72D-47B6-A68D-7590B98EB39B}"
EndProject
Project("{FAE04EC0-301F-11D3-BF4B-00C04F79EFBC}") = "WindowRecall.Core", "src\WindowRecall.Core\WindowRecall.Core.csproj", "{912F9CC3-830E-479E-BFB4-506B146AE5FF}"
EndProject
Project("{FAE04EC0-301F-11D3-BF4B-00C04F79EFBC}") = "WindowRecall.Platform.Windows", "src\WindowRecall.Platform.Windows\WindowRecall.Platform.Windows.csproj", "{6EB2CDB3-066C-4ED6-8696-8A020A4CE98C}"
EndProject
Project("{FAE04EC0-301F-11D3-BF4B-00C04F79EFBC}") = "WindowRecall.Platform.MacOS", "src\WindowRecall.Platform.MacOS\WindowRecall.Platform.MacOS.csproj", "{535D928A-A1D9-44D3-9723-E70A8AE4FED5}"
EndProject
Project("{FAE04EC0-301F-11D3-BF4B-00C04F79EFBC}") = "WindowRecall.Cli", "src\WindowRecall.Cli\WindowRecall.Cli.csproj", "{B88E2D13-674D-45F6-895C-9F1787667809}"
EndProject
Project("{2150E333-8FDC-42A3-9474-1A3956D46DE8}") = "tests", "tests", "{0AB3BF05-4346-4AA6-1389-037BE0695223}"
EndProject
Project("{FAE04EC0-301F-11D3-BF4B-00C04F79EFBC}") = "WindowRecall.Core.Tests", "tests\WindowRecall.Core.Tests\WindowRecall.Core.Tests.csproj", "{34EDC0B0-84FE-435C-B557-D9397F6A22C6}"
EndProject
Project("{FAE04EC0-301F-11D3-BF4B-00C04F79EFBC}") = "WindowRecall.Windows.Tests", "tests\WindowRecall.Windows.Tests\WindowRecall.Windows.Tests.csproj", "{C0A97CB5-50FC-4BBC-83D0-F699A7DBD1B3}"
EndProject
Project("{FAE04EC0-301F-11D3-BF4B-00C04F79EFBC}") = "WindowRecall.MacOS.Tests", "tests\WindowRecall.MacOS.Tests\WindowRecall.MacOS.Tests.csproj", "{D6DC015F-BF2E-4D9F-A77F-6C8CA3568556}"
EndProject
Project("{FAE04EC0-301F-11D3-BF4B-00C04F79EFBC}") = "WindowRecall.App", "src\WindowRecall.App\WindowRecall.App.csproj", "{1C7C3C03-834F-4342-9EDC-ACDE00FCD7AB}"
EndProject
Project("{FAE04EC0-301F-11D3-BF4B-00C04F79EFBC}") = "WindowRecall.MacOSFixture", "fixtures\WindowRecall.MacOSFixture\WindowRecall.MacOSFixture.csproj", "{D53037C8-20AE-4D8A-B175-90A8D8CECCB7}"
EndProject
Global
	GlobalSection(SolutionConfigurationPlatforms) = preSolution
		Debug|Any CPU = Debug|Any CPU
		Debug|x64 = Debug|x64
		Debug|x86 = Debug|x86
		Release|Any CPU = Release|Any CPU
		Release|x64 = Release|x64
		Release|x86 = Release|x86
	EndGlobalSection
	GlobalSection(ProjectConfigurationPlatforms) = postSolution
		{912F9CC3-830E-479E-BFB4-506B146AE5FF}.Debug|Any CPU.ActiveCfg = Debug|Any CPU
		{912F9CC3-830E-479E-BFB4-506B146AE5FF}.Debug|Any CPU.Build.0 = Debug|Any CPU
		{912F9CC3-830E-479E-BFB4-506B146AE5FF}.Debug|x64.ActiveCfg = Debug|Any CPU
		{912F9CC3-830E-479E-BFB4-506B146AE5FF}.Debug|x64.Build.0 = Debug|Any CPU
		{912F9CC3-830E-479E-BFB4-506B146AE5FF}.Debug|x86.ActiveCfg = Debug|Any CPU
		{912F9CC3-830E-479E-BFB4-506B146AE5FF}.Debug|x86.Build.0 = Debug|Any CPU
		{912F9CC3-830E-479E-BFB4-506B146AE5FF}.Release|Any CPU.ActiveCfg = Release|Any CPU
		{912F9CC3-830E-479E-BFB4-506B146AE5FF}.Release|Any CPU.Build.0 = Release|Any CPU
		{912F9CC3-830E-479E-BFB4-506B146AE5FF}.Release|x64.ActiveCfg = Release|Any CPU
		{912F9CC3-830E-479E-BFB4-506B146AE5FF}.Release|x64.Build.0 = Release|Any CPU
		{912F9CC3-830E-479E-BFB4-506B146AE5FF}.Release|x86.ActiveCfg = Release|Any CPU
		{912F9CC3-830E-479E-BFB4-506B146AE5FF}.Release|x86.Build.0 = Release|Any CPU
		{6EB2CDB3-066C-4ED6-8696-8A020A4CE98C}.Debug|Any CPU.ActiveCfg = Debug|Any CPU
		{6EB2CDB3-066C-4ED6-8696-8A020A4CE98C}.Debug|Any CPU.Build.0 = Debug|Any CPU
		{6EB2CDB3-066C-4ED6-8696-8A020A4CE98C}.Debug|x64.ActiveCfg = Debug|Any CPU
		{6EB2CDB3-066C-4ED6-8696-8A020A4CE98C}.Debug|x64.Build.0 = Debug|Any CPU
		{6EB2CDB3-066C-4ED6-8696-8A020A4CE98C}.Debug|x86.ActiveCfg = Debug|Any CPU
		{6EB2CDB3-066C-4ED6-8696-8A020A4CE98C}.Debug|x86.Build.0 = Debug|Any CPU
		{6EB2CDB3-066C-4ED6-8696-8A020A4CE98C}.Release|Any CPU.ActiveCfg = Release|Any CPU
		{6EB2CDB3-066C-4ED6-8696-8A020A4CE98C}.Release|Any CPU.Build.0 = Release|Any CPU
		{6EB2CDB3-066C-4ED6-8696-8A020A4CE98C}.Release|x64.ActiveCfg = Release|Any CPU
		{6EB2CDB3-066C-4ED6-8696-8A020A4CE98C}.Release|x64.Build.0 = Release|Any CPU
		{6EB2CDB3-066C-4ED6-8696-8A020A4CE98C}.Release|x86.ActiveCfg = Release|Any CPU
		{6EB2CDB3-066C-4ED6-8696-8A020A4CE98C}.Release|x86.Build.0 = Release|Any CPU
		{535D928A-A1D9-44D3-9723-E70A8AE4FED5}.Debug|Any CPU.ActiveCfg = Debug|Any CPU
		{535D928A-A1D9-44D3-9723-E70A8AE4FED5}.Debug|Any CPU.Build.0 = Debug|Any CPU
		{535D928A-A1D9-44D3-9723-E70A8AE4FED5}.Debug|x64.ActiveCfg = Debug|Any CPU
		{535D928A-A1D9-44D3-9723-E70A8AE4FED5}.Debug|x64.Build.0 = Debug|Any CPU
		{535D928A-A1D9-44D3-9723-E70A8AE4FED5}.Debug|x86.ActiveCfg = Debug|Any CPU
		{535D928A-A1D9-44D3-9723-E70A8AE4FED5}.Debug|x86.Build.0 = Debug|Any CPU
		{535D928A-A1D9-44D3-9723-E70A8AE4FED5}.Release|Any CPU.ActiveCfg = Release|Any CPU
		{535D928A-A1D9-44D3-9723-E70A8AE4FED5}.Release|Any CPU.Build.0 = Release|Any CPU
		{535D928A-A1D9-44D3-9723-E70A8AE4FED5}.Release|x64.ActiveCfg = Release|Any CPU
		{535D928A-A1D9-44D3-9723-E70A8AE4FED5}.Release|x64.Build.0 = Release|Any CPU
		{535D928A-A1D9-44D3-9723-E70A8AE4FED5}.Release|x86.ActiveCfg = Release|Any CPU
		{535D928A-A1D9-44D3-9723-E70A8AE4FED5}.Release|x86.Build.0 = Release|Any CPU
		{B88E2D13-674D-45F6-895C-9F1787667809}.Debug|Any CPU.ActiveCfg = Debug|Any CPU
		{B88E2D13-674D-45F6-895C-9F1787667809}.Debug|Any CPU.Build.0 = Debug|Any CPU
		{B88E2D13-674D-45F6-895C-9F1787667809}.Debug|x64.ActiveCfg = Debug|Any CPU
		{B88E2D13-674D-45F6-895C-9F1787667809}.Debug|x64.Build.0 = Debug|Any CPU
		{B88E2D13-674D-45F6-895C-9F1787667809}.Debug|x86.ActiveCfg = Debug|Any CPU
		{B88E2D13-674D-45F6-895C-9F1787667809}.Debug|x86.Build.0 = Debug|Any CPU
		{B88E2D13-674D-45F6-895C-9F1787667809}.Release|Any CPU.ActiveCfg = Release|Any CPU
		{B88E2D13-674D-45F6-895C-9F1787667809}.Release|Any CPU.Build.0 = Release|Any CPU
		{B88E2D13-674D-45F6-895C-9F1787667809}.Release|x64.ActiveCfg = Release|Any CPU
		{B88E2D13-674D-45F6-895C-9F1787667809}.Release|x64.Build.0 = Release|Any CPU
		{B88E2D13-674D-45F6-895C-9F1787667809}.Release|x86.ActiveCfg = Release|Any CPU
		{B88E2D13-674D-45F6-895C-9F1787667809}.Release|x86.Build.0 = Release|Any CPU
		{34EDC0B0-84FE-435C-B557-D9397F6A22C6}.Debug|Any CPU.ActiveCfg = Debug|Any CPU
		{34EDC0B0-84FE-435C-B557-D9397F6A22C6}.Debug|Any CPU.Build.0 = Debug|Any CPU
		{34EDC0B0-84FE-435C-B557-D9397F6A22C6}.Debug|x64.ActiveCfg = Debug|Any CPU
		{34EDC0B0-84FE-435C-B557-D9397F6A22C6}.Debug|x64.Build.0 = Debug|Any CPU
		{34EDC0B0-84FE-435C-B557-D9397F6A22C6}.Debug|x86.ActiveCfg = Debug|Any CPU
		{34EDC0B0-84FE-435C-B557-D9397F6A22C6}.Debug|x86.Build.0 = Debug|Any CPU
		{34EDC0B0-84FE-435C-B557-D9397F6A22C6}.Release|Any CPU.ActiveCfg = Release|Any CPU
		{34EDC0B0-84FE-435C-B557-D9397F6A22C6}.Release|Any CPU.Build.0 = Release|Any CPU
		{34EDC0B0-84FE-435C-B557-D9397F6A22C6}.Release|x64.ActiveCfg = Release|Any CPU
		{34EDC0B0-84FE-435C-B557-D9397F6A22C6}.Release|x64.Build.0 = Release|Any CPU
		{34EDC0B0-84FE-435C-B557-D9397F6A22C6}.Release|x86.ActiveCfg = Release|Any CPU
		{34EDC0B0-84FE-435C-B557-D9397F6A22C6}.Release|x86.Build.0 = Release|Any CPU
		{C0A97CB5-50FC-4BBC-83D0-F699A7DBD1B3}.Debug|Any CPU.ActiveCfg = Debug|Any CPU
		{C0A97CB5-50FC-4BBC-83D0-F699A7DBD1B3}.Debug|Any CPU.Build.0 = Debug|Any CPU
		{C0A97CB5-50FC-4BBC-83D0-F699A7DBD1B3}.Debug|x64.ActiveCfg = Debug|Any CPU
		{C0A97CB5-50FC-4BBC-83D0-F699A7DBD1B3}.Debug|x64.Build.0 = Debug|Any CPU
		{C0A97CB5-50FC-4BBC-83D0-F699A7DBD1B3}.Debug|x86.ActiveCfg = Debug|Any CPU
		{C0A97CB5-50FC-4BBC-83D0-F699A7DBD1B3}.Debug|x86.Build.0 = Debug|Any CPU
		{C0A97CB5-50FC-4BBC-83D0-F699A7DBD1B3}.Release|Any CPU.ActiveCfg = Release|Any CPU
		{C0A97CB5-50FC-4BBC-83D0-F699A7DBD1B3}.Release|Any CPU.Build.0 = Release|Any CPU
		{C0A97CB5-50FC-4BBC-83D0-F699A7DBD1B3}.Release|x64.ActiveCfg = Release|Any CPU
		{C0A97CB5-50FC-4BBC-83D0-F699A7DBD1B3}.Release|x64.Build.0 = Release|Any CPU
		{C0A97CB5-50FC-4BBC-83D0-F699A7DBD1B3}.Release|x86.ActiveCfg = Release|Any CPU
		{C0A97CB5-50FC-4BBC-83D0-F699A7DBD1B3}.Release|x86.Build.0 = Release|Any CPU
		{D6DC015F-BF2E-4D9F-A77F-6C8CA3568556}.Debug|Any CPU.ActiveCfg = Debug|Any CPU
		{D6DC015F-BF2E-4D9F-A77F-6C8CA3568556}.Debug|Any CPU.Build.0 = Debug|Any CPU
		{D6DC015F-BF2E-4D9F-A77F-6C8CA3568556}.Debug|x64.ActiveCfg = Debug|Any CPU
		{D6DC015F-BF2E-4D9F-A77F-6C8CA3568556}.Debug|x64.Build.0 = Debug|Any CPU
		{D6DC015F-BF2E-4D9F-A77F-6C8CA3568556}.Debug|x86.ActiveCfg = Debug|Any CPU
		{D6DC015F-BF2E-4D9F-A77F-6C8CA3568556}.Debug|x86.Build.0 = Debug|Any CPU
		{D6DC015F-BF2E-4D9F-A77F-6C8CA3568556}.Release|Any CPU.ActiveCfg = Release|Any CPU
		{D6DC015F-BF2E-4D9F-A77F-6C8CA3568556}.Release|Any CPU.Build.0 = Release|Any CPU
		{D6DC015F-BF2E-4D9F-A77F-6C8CA3568556}.Release|x64.ActiveCfg = Release|Any CPU
		{D6DC015F-BF2E-4D9F-A77F-6C8CA3568556}.Release|x64.Build.0 = Release|Any CPU
		{D6DC015F-BF2E-4D9F-A77F-6C8CA3568556}.Release|x86.ActiveCfg = Release|Any CPU
		{D6DC015F-BF2E-4D9F-A77F-6C8CA3568556}.Release|x86.Build.0 = Release|Any CPU
		{1C7C3C03-834F-4342-9EDC-ACDE00FCD7AB}.Debug|Any CPU.ActiveCfg = Debug|Any CPU
		{1C7C3C03-834F-4342-9EDC-ACDE00FCD7AB}.Debug|Any CPU.Build.0 = Debug|Any CPU
		{1C7C3C03-834F-4342-9EDC-ACDE00FCD7AB}.Debug|x64.ActiveCfg = Debug|Any CPU
		{1C7C3C03-834F-4342-9EDC-ACDE00FCD7AB}.Debug|x64.Build.0 = Debug|Any CPU
		{1C7C3C03-834F-4342-9EDC-ACDE00FCD7AB}.Debug|x86.ActiveCfg = Debug|Any CPU
		{1C7C3C03-834F-4342-9EDC-ACDE00FCD7AB}.Debug|x86.Build.0 = Debug|Any CPU
		{1C7C3C03-834F-4342-9EDC-ACDE00FCD7AB}.Release|Any CPU.ActiveCfg = Release|Any CPU
		{1C7C3C03-834F-4342-9EDC-ACDE00FCD7AB}.Release|Any CPU.Build.0 = Release|Any CPU
		{1C7C3C03-834F-4342-9EDC-ACDE00FCD7AB}.Release|x64.ActiveCfg = Release|Any CPU
		{1C7C3C03-834F-4342-9EDC-ACDE00FCD7AB}.Release|x64.Build.0 = Release|Any CPU
		{1C7C3C03-834F-4342-9EDC-ACDE00FCD7AB}.Release|x86.ActiveCfg = Release|Any CPU
		{1C7C3C03-834F-4342-9EDC-ACDE00FCD7AB}.Release|x86.Build.0 = Release|Any CPU
		{D53037C8-20AE-4D8A-B175-90A8D8CECCB7}.Debug|Any CPU.ActiveCfg = Debug|Any CPU
		{D53037C8-20AE-4D8A-B175-90A8D8CECCB7}.Debug|Any CPU.Build.0 = Debug|Any CPU
		{D53037C8-20AE-4D8A-B175-90A8D8CECCB7}.Release|Any CPU.ActiveCfg = Release|Any CPU
		{D53037C8-20AE-4D8A-B175-90A8D8CECCB7}.Release|Any CPU.Build.0 = Release|Any CPU
	EndGlobalSection
	GlobalSection(SolutionProperties) = preSolution
		HideSolutionNode = FALSE
	EndGlobalSection
	GlobalSection(NestedProjects) = preSolution
		{912F9CC3-830E-479E-BFB4-506B146AE5FF} = {827E0CD3-B72D-47B6-A68D-7590B98EB39B}
		{6EB2CDB3-066C-4ED6-8696-8A020A4CE98C} = {827E0CD3-B72D-47B6-A68D-7590B98EB39B}
		{535D928A-A1D9-44D3-9723-E70A8AE4FED5} = {827E0CD3-B72D-47B6-A68D-7590B98EB39B}
		{B88E2D13-674D-45F6-895C-9F1787667809} = {827E0CD3-B72D-47B6-A68D-7590B98EB39B}
		{34EDC0B0-84FE-435C-B557-D9397F6A22C6} = {0AB3BF05-4346-4AA6-1389-037BE0695223}
		{C0A97CB5-50FC-4BBC-83D0-F699A7DBD1B3} = {0AB3BF05-4346-4AA6-1389-037BE0695223}
		{D6DC015F-BF2E-4D9F-A77F-6C8CA3568556} = {0AB3BF05-4346-4AA6-1389-037BE0695223}
		{1C7C3C03-834F-4342-9EDC-ACDE00FCD7AB} = {827E0CD3-B72D-47B6-A68D-7590B98EB39B}
		{D53037C8-20AE-4D8A-B175-90A8D8CECCB7} = {827E0CD3-B72D-47B6-A68D-7590B98EB39B}
	EndGlobalSection
EndGlobal
